
Microsoft Visual Studio Solution File, Format Version 11.00
# Visual Studio 2010
Project("{FAE04EC0-301F-11D3-BF4B-00C04F79EFBC}") = "GGJ2014", "GGJ2014\GGJ2014\GGJ2014.csproj", "{5BD0E564-CF65-402C-8C08-1A34F65D6ECE}"
EndProject
Project("{96E2B04D-8817-42C6-938A-82C39BA4D311}") = "GGJ2014Content", "GGJ2014\GGJ2014Content\GGJ2014Content.contentproj", "{1D2CAF62-A0C4-42BD-B79F-78C4E41F1572}"
EndProject
Global
	GlobalSection(SolutionConfigurationPlatforms) = preSolution
		Debug|x86 = Debug|x86
		Release|x86 = Release|x86
	EndGlobalSection
	GlobalSection(ProjectConfigurationPlatforms) = postSolution
		{5BD0E564-CF65-402C-8C08-1A34F65D6ECE}.Debug|x86.ActiveCfg = Debug|x86
		{5BD0E564-CF65-402C-8C08-1A34F65D6ECE}.Debug|x86.Build.0 = Debug|x86
		{5BD0E564-CF65-402C-8C08-1A34F65D6ECE}.Release|x86.ActiveCfg = Release|x86
		{5BD0E564-CF65-402C-8C08-1A34F65D6ECE}.Release|x86.Build.0 = Release|x86
		{1D2CAF62-A0C4-42BD-B79F-78C4E41F1572}.Debug|x86.ActiveCfg = Debug|x86
		{1D2CAF62-A0C4-42BD-B79F-78C4E41F1572}.Release|x86.ActiveCfg = Release|x86
	EndGlobalSection
	GlobalSection(SolutionProperties) = preSolution
		HideSolutionNode = FALSE
	EndGlobalSection
EndGlobal
